
Microsoft Visual Studio Solution File, Format Version 12.00
# Visual Studio Version 16
VisualStudioVersion = 16.0.30711.63
MinimumVisualStudioVersion = 10.0.40219.1
Project("{8BC9CEB8-8B4A-11D0-8D11-00A0C91BC942}") = "IoT_Test_Co2_Service", "IoT_Test_Co2_Service\IoT_Test_Co2_Service.vcxproj", "{F2F25285-757D-45EA-8C6C-7E3812AF5268}"
EndProject
Project("{8BC9CEB8-8B4A-11D0-8D11-00A0C91BC942}") = "IoT_Test_Configuration_Service", "IoT_Test_Configuration_Service\IoT_Test.vcxproj", "{105EA5B1-20D1-44EB-878E-40E1D17EE255}"
EndProject
Project("{8BC9CEB8-8B4A-11D0-8D11-00A0C91BC942}") = "IoT_Test_Payload_Builder", "IoT_Test_Payload_Builder\IoT_Test_Payload_Builder.vcxproj", "{AB7F1E5B-A75A-45A6-A061-560669BA87DA}"
EndProject
Global
	GlobalSection(SolutionConfigurationPlatforms) = preSolution
		Debug|x64 = Debug|x64
		Debug|x86 = Debug|x86
		Release|x64 = Release|x64
		Release|x86 = Release|x86
	EndGlobalSection
	GlobalSection(ProjectConfigurationPlatforms) = postSolution
		{F2F25285-757D-45EA-8C6C-7E3812AF5268}.Debug|x64.ActiveCfg = Debug|x64
		{F2F25285-757D-45EA-8C6C-7E3812AF5268}.Debug|x64.Build.0 = Debug|x64
		{F2F25285-757D-45EA-8C6C-7E3812AF5268}.Debug|x86.ActiveCfg = Debug|Win32
		{F2F25285-757D-45EA-8C6C-7E3812AF5268}.Debug|x86.Build.0 = Debug|Win32
		{F2F25285-757D-45EA-8C6C-7E3812AF5268}.Release|x64.ActiveCfg = Release|x64
		{F2F25285-757D-45EA-8C6C-7E3812AF5268}.Release|x64.Build.0 = Release|x64
		{F2F25285-757D-45EA-8C6C-7E3812AF5268}.Release|x86.ActiveCfg = Release|Win32
		{F2F25285-757D-45EA-8C6C-7E3812AF5268}.Release|x86.Build.0 = Release|Win32
		{105EA5B1-20D1-44EB-878E-40E1D17EE255}.Debug|x64.ActiveCfg = Debug|x64
		{105EA5B1-20D1-44EB-878E-40E1D17EE255}.Debug|x64.Build.0 = Debug|x64
		{105EA5B1-20D1-44EB-878E-40E1D17EE255}.Debug|x86.ActiveCfg = Debug|Win32
		{105EA5B1-20D1-44EB-878E-40E1D17EE255}.Debug|x86.Build.0 = Debug|Win32
		{105EA5B1-20D1-44EB-878E-40E1D17EE255}.Release|x64.ActiveCfg = Release|x64
		{105EA5B1-20D1-44EB-878E-40E1D17EE255}.Release|x64.Build.0 = Release|x64
		{105EA5B1-20D1-44EB-878E-40E1D17EE255}.Release|x86.ActiveCfg = Release|Win32
		{105EA5B1-20D1-44EB-878E-40E1D17EE255}.Release|x86.Build.0 = Release|Win32
		{AB7F1E5B-A75A-45A6-A061-560669BA87DA}.Debug|x64.ActiveCfg = Debug|x64
		{AB7F1E5B-A75A-45A6-A061-560669BA87DA}.Debug|x64.Build.0 = Debug|x64
		{AB7F1E5B-A75A-45A6-A061-560669BA87DA}.Debug|x86.ActiveCfg = Debug|Win32
		{AB7F1E5B-A75A-45A6-A061-560669BA87DA}.Debug|x86.Build.0 = Debug|Win32
		{AB7F1E5B-A75A-45A6-A061-560669BA87DA}.Release|x64.ActiveCfg = Release|x64
		{AB7F1E5B-A75A-45A6-A061-560669BA87DA}.Release|x64.Build.0 = Release|x64
		{AB7F1E5B-A75A-45A6-A061-560669BA87DA}.Release|x86.ActiveCfg = Release|Win32
		{AB7F1E5B-A75A-45A6-A061-560669BA87DA}.Release|x86.Build.0 = Release|Win32
	EndGlobalSection
	GlobalSection(SolutionProperties) = preSolution
		HideSolutionNode = FALSE
	EndGlobalSection
	GlobalSection(ExtensibilityGlobals) = postSolution
		SolutionGuid = {B3993566-F6DC-4DF3-8726-02B46DB870D3}
	EndGlobalSection
EndGlobal
