<?xml version="1.0" encoding="utf-8"?>
<Project ToolsVersion="4.0" xmlns="http://schemas.microsoft.com/developer/msbuild/2003">
  <ItemGroup>
    <ClCompile Include="configurationTest.cpp" />
    <ClCompile Include="IoTTesting.cpp" />
    <ClCompile Include="..\..\IoT_sleep\IoT_sleep\Sources\configuration_service.c">
      <Filter>ProductionCode</Filter>
    </ClCompile>
    <ClCompile Include="..\..\IoT_sleep\IoT_sleep\Sources\co2_service.c">
      <Filter>ProductionCode</Filter>
    </ClCompile>
  </ItemGroup>
  <ItemGroup>
    <Filter Include="ProductionCode">
      <UniqueIdentifier>{38f71203-bf17-470a-a1e4-e3ea576cbca3}</UniqueIdentifier>
    </Filter>
    <Filter Include="avr">
      <UniqueIdentifier>{721efeec-9543-4858-8d0e-60bada03934b}</UniqueIdentifier>
    </Filter>
  </ItemGroup>
  <ItemGroup>
    <ClInclude Include="..\..\IoT_sleep\IoT_sleep\Includes\definitions.h">
      <Filter>ProductionCode</Filter>
    </ClInclude>
    <ClInclude Include="ATMEGA_FreeRTOS.h" />
    <ClInclude Include="FreeRTOSConfig.h" />
    <ClInclude Include="avr\eeprom.h">
      <Filter>avr</Filter>
    </ClInclude>
  </ItemGroup>
  <ItemGroup>
    <None Include="packages.config" />
  </ItemGroup>
</Project>